
Microsoft Visual Studio Solution File, Format Version 12.00
# Visual Studio 2015
Project("{FAE04EC0-301F-11D3-BF4B-00C04F79EFBC}") = "Morning Ritual.CSharp.Plugins", "Morning Ritual.CSharp.Plugins.csproj", "{38EBC993-7610-5E8D-287E-F9F0901B76F8}"
EndProject
Project("{FAE04EC0-301F-11D3-BF4B-00C04F79EFBC}") = "Morning Ritual.CSharp.Editor", "Morning Ritual.CSharp.Editor.csproj", "{053DBD54-9D8E-BB7A-4E4B-76218B027DD4}"
EndProject
Global
	GlobalSection(SolutionConfigurationPlatforms) = preSolution
		Debug|Any CPU = Debug|Any CPU
		Release|Any CPU = Release|Any CPU
	EndGlobalSection
	GlobalSection(ProjectConfigurationPlatforms) = postSolution
		{38EBC993-7610-5E8D-287E-F9F0901B76F8}.Debug|Any CPU.ActiveCfg = Debug|Any CPU
		{38EBC993-7610-5E8D-287E-F9F0901B76F8}.Debug|Any CPU.Build.0 = Debug|Any CPU
		{38EBC993-7610-5E8D-287E-F9F0901B76F8}.Release|Any CPU.ActiveCfg = Release|Any CPU
		{38EBC993-7610-5E8D-287E-F9F0901B76F8}.Release|Any CPU.Build.0 = Release|Any CPU
		{053DBD54-9D8E-BB7A-4E4B-76218B027DD4}.Debug|Any CPU.ActiveCfg = Debug|Any CPU
		{053DBD54-9D8E-BB7A-4E4B-76218B027DD4}.Debug|Any CPU.Build.0 = Debug|Any CPU
		{053DBD54-9D8E-BB7A-4E4B-76218B027DD4}.Release|Any CPU.ActiveCfg = Release|Any CPU
		{053DBD54-9D8E-BB7A-4E4B-76218B027DD4}.Release|Any CPU.Build.0 = Release|Any CPU
	EndGlobalSection
	GlobalSection(SolutionProperties) = preSolution
		HideSolutionNode = FALSE
	EndGlobalSection
EndGlobal
